
Microsoft Visual Studio Solution File, Format Version 12.00
# Visual Studio Version 17
VisualStudioVersion = 17.5.33414.496
MinimumVisualStudioVersion = 10.0.40219.1
Project("{FAE04EC0-301F-11D3-BF4B-00C04F79EFBC}") = "BlogTemplate.Domain", "BlogTemplate.Domain\BlogTemplate.Domain.csproj", "{F3EF8B51-0169-4320-AB96-4607E8756243}"
EndProject
Global
	GlobalSection(SolutionConfigurationPlatforms) = preSolution
		Debug|Any CPU = Debug|Any CPU
		Release|Any CPU = Release|Any CPU
	EndGlobalSection
	GlobalSection(ProjectConfigurationPlatforms) = postSolution
		{F3EF8B51-0169-4320-AB96-4607E8756243}.Debug|Any CPU.ActiveCfg = Debug|Any CPU
		{F3EF8B51-0169-4320-AB96-4607E8756243}.Debug|Any CPU.Build.0 = Debug|Any CPU
		{F3EF8B51-0169-4320-AB96-4607E8756243}.Release|Any CPU.ActiveCfg = Release|Any CPU
		{F3EF8B51-0169-4320-AB96-4607E8756243}.Release|Any CPU.Build.0 = Release|Any CPU
	EndGlobalSection
	GlobalSection(SolutionProperties) = preSolution
		HideSolutionNode = FALSE
	EndGlobalSection
	GlobalSection(ExtensibilityGlobals) = postSolution
		SolutionGuid = {9B514D91-3CC5-4EC7-82F1-523B0EFC1175}
	EndGlobalSection
EndGlobal
